
Microsoft Visual Studio Solution File, Format Version 12.00
# Visual Studio Version 17
VisualStudioVersion = 17.2.32616.157
MinimumVisualStudioVersion = 10.0.40219.1
Project("{2150E333-8FDC-42A3-9474-1A3956D46DE8}") = "1 - Services", "1 - Services", "{36AB58CF-5551-478E-AD10-64BA0D575FB6}"
EndProject
Project("{2150E333-8FDC-42A3-9474-1A3956D46DE8}") = "3 - BuildingBlocks", "3 - BuildingBlocks", "{2955F4CF-6316-4983-9F29-07C055926C98}"
EndProject
Project("{2150E333-8FDC-42A3-9474-1A3956D46DE8}") = "2 - ApiGateways", "2 - ApiGateways", "{4EAE4C7E-633B-4DC5-B4DF-D9CB4D5F6A34}"
EndProject
Project("{2150E333-8FDC-42A3-9474-1A3956D46DE8}") = "Checkout", "Checkout", "{092F938B-2FB5-4FCA-9990-4B4928DF00C0}"
EndProject
Project("{2150E333-8FDC-42A3-9474-1A3956D46DE8}") = "Admin", "Admin", "{B29FC854-C461-464A-A05B-F31DAEA5F619}"
EndProject
Project("{2150E333-8FDC-42A3-9474-1A3956D46DE8}") = "Professor", "Professor", "{2D4D1EBB-4E5F-41E1-A22C-ABF7DE36077A}"
EndProject
Project("{2150E333-8FDC-42A3-9474-1A3956D46DE8}") = "Student", "Student", "{2FA3F617-15FF-480E-A7F3-2DA6D4978BE8}"
EndProject
Project("{2150E333-8FDC-42A3-9474-1A3956D46DE8}") = "Core", "Core", "{7ABAA126-11A1-4900-B214-435F9A002532}"
EndProject
Project("{2150E333-8FDC-42A3-9474-1A3956D46DE8}") = "MessageBus", "MessageBus", "{57D1805A-F0C1-48F6-A78B-6DC9B3D28201}"
EndProject
Project("{2150E333-8FDC-42A3-9474-1A3956D46DE8}") = "WebAPI", "WebAPI", "{0D18F0B7-2932-4FDA-8EB9-EEE8F01DA79F}"
EndProject
Project("{2150E333-8FDC-42A3-9474-1A3956D46DE8}") = "5 - Jobs", "5 - Jobs", "{CEC92C99-8516-467A-ADEC-772BB84C439A}"
EndProject
Project("{2150E333-8FDC-42A3-9474-1A3956D46DE8}") = "Clients", "Clients", "{6C75EF3A-A98A-47BD-8B21-1E669B9AED62}"
EndProject
Project("{2150E333-8FDC-42A3-9474-1A3956D46DE8}") = "Courses", "Courses", "{2A176FC0-1220-40F7-B641-BEC8A3FC36C0}"
EndProject
Project("{2150E333-8FDC-42A3-9474-1A3956D46DE8}") = "Lessons", "Lessons", "{08DB743F-8BDB-4616-A755-4E361F2F3C2D}"
EndProject
Project("{2150E333-8FDC-42A3-9474-1A3956D46DE8}") = "Auth", "Auth", "{CC32EFE1-7118-40C1-AB78-D82C6C9B69FA}"
EndProject
Project("{2150E333-8FDC-42A3-9474-1A3956D46DE8}") = "Payment", "Payment", "{E124F73C-41B9-4B41-8D1B-C29E2F2A3195}"
EndProject
Project("{2150E333-8FDC-42A3-9474-1A3956D46DE8}") = "Cart", "Cart", "{F58FD23B-D05F-4120-889E-E30C7F6220AE}"
EndProject
Project("{2150E333-8FDC-42A3-9474-1A3956D46DE8}") = "Orders", "Orders", "{73E9DED0-9655-4E1F-82B0-1CB0BF8E7BE3}"
EndProject
Project("{9A19103F-16F7-4668-BE54-9A1E7A4F7556}") = "MSP.Auth.API", "src\MSP.Auth.API\MSP.Auth.API.csproj", "{C10D2383-E2D8-4437-BD3D-EE026FD2AD2B}"
EndProject
Project("{9A19103F-16F7-4668-BE54-9A1E7A4F7556}") = "MSP.Cart.API", "src\MSP.Cart.API\MSP.Cart.API.csproj", "{47D87A34-9D96-43F2-A5BD-8EC8335DE1B0}"
EndProject
Project("{9A19103F-16F7-4668-BE54-9A1E7A4F7556}") = "MSP.Clients.API", "src\MSP.Clients.API\MSP.Clients.API.csproj", "{1AE8750D-1DB1-4AE2-BB51-987B70A0C48D}"
EndProject
Project("{9A19103F-16F7-4668-BE54-9A1E7A4F7556}") = "MSP.Courses.API", "src\MSP.Courses.API\MSP.Courses.API.csproj", "{A7874971-71DB-46EC-AE68-B3C2B9CB4B9D}"
EndProject
Project("{9A19103F-16F7-4668-BE54-9A1E7A4F7556}") = "MSP.Lessons.API", "src\MSP.Lessons.API\MSP.Lessons.API.csproj", "{4668EBD6-D8D2-453B-AB59-3A5FCC56E374}"
EndProject
Project("{9A19103F-16F7-4668-BE54-9A1E7A4F7556}") = "MSP.Orders.API", "src\MSP.Orders.API\MSP.Orders.API.csproj", "{CC21AA70-653E-43B6-AB0A-DEA580BAC27F}"
EndProject
Project("{9A19103F-16F7-4668-BE54-9A1E7A4F7556}") = "MSP.Payment.API", "src\MSP.Payment.API\MSP.Payment.API.csproj", "{F0F659B1-F930-40E9-A35C-13DEB4242695}"
EndProject
Project("{9A19103F-16F7-4668-BE54-9A1E7A4F7556}") = "MSP.Jobs", "src\MSP.Jobs\MSP.Jobs.csproj", "{0D371CCC-8D30-4BBC-8D4B-B65ADDC0E572}"
EndProject
Project("{9A19103F-16F7-4668-BE54-9A1E7A4F7556}") = "MSP.AdminBFF.API", "src\MSP.AdminBFF.API\MSP.AdminBFF.API.csproj", "{BD0FB062-AE83-4506-B746-17F87343BCEE}"
EndProject
Project("{9A19103F-16F7-4668-BE54-9A1E7A4F7556}") = "MSP.CheckoutBFF.API", "src\MSP.CheckoutBFF.API\MSP.CheckoutBFF.API.csproj", "{B3089A26-ABDA-4E78-8121-AE8A64513210}"
EndProject
Project("{9A19103F-16F7-4668-BE54-9A1E7A4F7556}") = "MSP.ProfessorBFF.API", "src\MSP.ProfessorBFF.API\MSP.ProfessorBFF.API.csproj", "{22A95CE1-F008-4ADB-BEA4-90ADB2D3E5D4}"
EndProject
Project("{9A19103F-16F7-4668-BE54-9A1E7A4F7556}") = "MSP.StudentBFF.API", "src\MSP.StudentBFF.API\MSP.StudentBFF.API.csproj", "{3D5CA262-B148-4BDD-80A3-6407511744E9}"
EndProject
Project("{9A19103F-16F7-4668-BE54-9A1E7A4F7556}") = "MSP.Core", "src\MSP.Core\MSP.Core.csproj", "{FD99B471-685B-487B-BCC8-27DEE50DB4C7}"
EndProject
Project("{9A19103F-16F7-4668-BE54-9A1E7A4F7556}") = "MSP.MessageBus", "src\MSP.MessageBus\MSP.MessageBus.csproj", "{A22ADC06-7A66-4B80-8C4F-85DAE95A11CC}"
EndProject
Project("{9A19103F-16F7-4668-BE54-9A1E7A4F7556}") = "MSP.WebAPI", "src\MSP.WebAPI\MSP.WebAPI.csproj", "{A0DBFAC0-0F64-4337-8EF6-45B2D9DDCCE2}"
EndProject
Project("{2150E333-8FDC-42A3-9474-1A3956D46DE8}") = "4 - HealthCheck", "4 - HealthCheck", "{7A182C16-9D2D-49C2-A100-FAF72185E315}"
EndProject
Project("{9A19103F-16F7-4668-BE54-9A1E7A4F7556}") = "MSP.HealthCheck", "src\MSP.HealthCheck\MSP.HealthCheck.csproj", "{25AA25A8-02AC-4F3C-BA37-9813A4EA7651}"
EndProject
Project("{2150E333-8FDC-42A3-9474-1A3956D46DE8}") = "6 - Tests", "6 - Tests", "{F17F568E-529F-4F08-8D21-D539D5E3F324}"
EndProject
Project("{2150E333-8FDC-42A3-9474-1A3956D46DE8}") = "IntegrationTests", "IntegrationTests", "{A2CA4CD1-D5FE-4E7E-808E-FD71C04F37BD}"
EndProject
Project("{2150E333-8FDC-42A3-9474-1A3956D46DE8}") = "UnitTests", "UnitTests", "{A9476163-51C4-45B6-BAE7-40EC6EAE3F95}"
EndProject
Project("{2150E333-8FDC-42A3-9474-1A3956D46DE8}") = "Data", "Data", "{AE916586-99D2-4134-BA82-680434EA65CD}"
EndProject
Project("{FAE04EC0-301F-11D3-BF4B-00C04F79EFBC}") = "MSP.Data.Core", "src\MSP.Data.Core\MSP.Data.Core.csproj", "{6442FCDD-C1CB-4CCE-9C27-53EA6EDFE86D}"
EndProject
Global
	GlobalSection(SolutionConfigurationPlatforms) = preSolution
		Debug|Any CPU = Debug|Any CPU
		Release|Any CPU = Release|Any CPU
	EndGlobalSection
	GlobalSection(ProjectConfigurationPlatforms) = postSolution
		{C10D2383-E2D8-4437-BD3D-EE026FD2AD2B}.Debug|Any CPU.ActiveCfg = Debug|Any CPU
		{C10D2383-E2D8-4437-BD3D-EE026FD2AD2B}.Debug|Any CPU.Build.0 = Debug|Any CPU
		{C10D2383-E2D8-4437-BD3D-EE026FD2AD2B}.Release|Any CPU.ActiveCfg = Release|Any CPU
		{C10D2383-E2D8-4437-BD3D-EE026FD2AD2B}.Release|Any CPU.Build.0 = Release|Any CPU
		{47D87A34-9D96-43F2-A5BD-8EC8335DE1B0}.Debug|Any CPU.ActiveCfg = Debug|Any CPU
		{47D87A34-9D96-43F2-A5BD-8EC8335DE1B0}.Debug|Any CPU.Build.0 = Debug|Any CPU
		{47D87A34-9D96-43F2-A5BD-8EC8335DE1B0}.Release|Any CPU.ActiveCfg = Release|Any CPU
		{47D87A34-9D96-43F2-A5BD-8EC8335DE1B0}.Release|Any CPU.Build.0 = Release|Any CPU
		{1AE8750D-1DB1-4AE2-BB51-987B70A0C48D}.Debug|Any CPU.ActiveCfg = Debug|Any CPU
		{1AE8750D-1DB1-4AE2-BB51-987B70A0C48D}.Debug|Any CPU.Build.0 = Debug|Any CPU
		{1AE8750D-1DB1-4AE2-BB51-987B70A0C48D}.Release|Any CPU.ActiveCfg = Release|Any CPU
		{1AE8750D-1DB1-4AE2-BB51-987B70A0C48D}.Release|Any CPU.Build.0 = Release|Any CPU
		{A7874971-71DB-46EC-AE68-B3C2B9CB4B9D}.Debug|Any CPU.ActiveCfg = Debug|Any CPU
		{A7874971-71DB-46EC-AE68-B3C2B9CB4B9D}.Debug|Any CPU.Build.0 = Debug|Any CPU
		{A7874971-71DB-46EC-AE68-B3C2B9CB4B9D}.Release|Any CPU.ActiveCfg = Release|Any CPU
		{A7874971-71DB-46EC-AE68-B3C2B9CB4B9D}.Release|Any CPU.Build.0 = Release|Any CPU
		{4668EBD6-D8D2-453B-AB59-3A5FCC56E374}.Debug|Any CPU.ActiveCfg = Debug|Any CPU
		{4668EBD6-D8D2-453B-AB59-3A5FCC56E374}.Debug|Any CPU.Build.0 = Debug|Any CPU
		{4668EBD6-D8D2-453B-AB59-3A5FCC56E374}.Release|Any CPU.ActiveCfg = Release|Any CPU
		{4668EBD6-D8D2-453B-AB59-3A5FCC56E374}.Release|Any CPU.Build.0 = Release|Any CPU
		{CC21AA70-653E-43B6-AB0A-DEA580BAC27F}.Debug|Any CPU.ActiveCfg = Debug|Any CPU
		{CC21AA70-653E-43B6-AB0A-DEA580BAC27F}.Debug|Any CPU.Build.0 = Debug|Any CPU
		{CC21AA70-653E-43B6-AB0A-DEA580BAC27F}.Release|Any CPU.ActiveCfg = Release|Any CPU
		{CC21AA70-653E-43B6-AB0A-DEA580BAC27F}.Release|Any CPU.Build.0 = Release|Any CPU
		{F0F659B1-F930-40E9-A35C-13DEB4242695}.Debug|Any CPU.ActiveCfg = Debug|Any CPU
		{F0F659B1-F930-40E9-A35C-13DEB4242695}.Debug|Any CPU.Build.0 = Debug|Any CPU
		{F0F659B1-F930-40E9-A35C-13DEB4242695}.Release|Any CPU.ActiveCfg = Release|Any CPU
		{F0F659B1-F930-40E9-A35C-13DEB4242695}.Release|Any CPU.Build.0 = Release|Any CPU
		{0D371CCC-8D30-4BBC-8D4B-B65ADDC0E572}.Debug|Any CPU.ActiveCfg = Debug|Any CPU
		{0D371CCC-8D30-4BBC-8D4B-B65ADDC0E572}.Debug|Any CPU.Build.0 = Debug|Any CPU
		{0D371CCC-8D30-4BBC-8D4B-B65ADDC0E572}.Release|Any CPU.ActiveCfg = Release|Any CPU
		{0D371CCC-8D30-4BBC-8D4B-B65ADDC0E572}.Release|Any CPU.Build.0 = Release|Any CPU
		{BD0FB062-AE83-4506-B746-17F87343BCEE}.Debug|Any CPU.ActiveCfg = Debug|Any CPU
		{BD0FB062-AE83-4506-B746-17F87343BCEE}.Debug|Any CPU.Build.0 = Debug|Any CPU
		{BD0FB062-AE83-4506-B746-17F87343BCEE}.Release|Any CPU.ActiveCfg = Release|Any CPU
		{BD0FB062-AE83-4506-B746-17F87343BCEE}.Release|Any CPU.Build.0 = Release|Any CPU
		{B3089A26-ABDA-4E78-8121-AE8A64513210}.Debug|Any CPU.ActiveCfg = Debug|Any CPU
		{B3089A26-ABDA-4E78-8121-AE8A64513210}.Debug|Any CPU.Build.0 = Debug|Any CPU
		{B3089A26-ABDA-4E78-8121-AE8A64513210}.Release|Any CPU.ActiveCfg = Release|Any CPU
		{B3089A26-ABDA-4E78-8121-AE8A64513210}.Release|Any CPU.Build.0 = Release|Any CPU
		{22A95CE1-F008-4ADB-BEA4-90ADB2D3E5D4}.Debug|Any CPU.ActiveCfg = Debug|Any CPU
		{22A95CE1-F008-4ADB-BEA4-90ADB2D3E5D4}.Debug|Any CPU.Build.0 = Debug|Any CPU
		{22A95CE1-F008-4ADB-BEA4-90ADB2D3E5D4}.Release|Any CPU.ActiveCfg = Release|Any CPU
		{22A95CE1-F008-4ADB-BEA4-90ADB2D3E5D4}.Release|Any CPU.Build.0 = Release|Any CPU
		{3D5CA262-B148-4BDD-80A3-6407511744E9}.Debug|Any CPU.ActiveCfg = Debug|Any CPU
		{3D5CA262-B148-4BDD-80A3-6407511744E9}.Debug|Any CPU.Build.0 = Debug|Any CPU
		{3D5CA262-B148-4BDD-80A3-6407511744E9}.Release|Any CPU.ActiveCfg = Release|Any CPU
		{3D5CA262-B148-4BDD-80A3-6407511744E9}.Release|Any CPU.Build.0 = Release|Any CPU
		{FD99B471-685B-487B-BCC8-27DEE50DB4C7}.Debug|Any CPU.ActiveCfg = Debug|Any CPU
		{FD99B471-685B-487B-BCC8-27DEE50DB4C7}.Debug|Any CPU.Build.0 = Debug|Any CPU
		{FD99B471-685B-487B-BCC8-27DEE50DB4C7}.Release|Any CPU.ActiveCfg = Release|Any CPU
		{FD99B471-685B-487B-BCC8-27DEE50DB4C7}.Release|Any CPU.Build.0 = Release|Any CPU
		{A22ADC06-7A66-4B80-8C4F-85DAE95A11CC}.Debug|Any CPU.ActiveCfg = Debug|Any CPU
		{A22ADC06-7A66-4B80-8C4F-85DAE95A11CC}.Debug|Any CPU.Build.0 = Debug|Any CPU
		{A22ADC06-7A66-4B80-8C4F-85DAE95A11CC}.Release|Any CPU.ActiveCfg = Release|Any CPU
		{A22ADC06-7A66-4B80-8C4F-85DAE95A11CC}.Release|Any CPU.Build.0 = Release|Any CPU
		{A0DBFAC0-0F64-4337-8EF6-45B2D9DDCCE2}.Debug|Any CPU.ActiveCfg = Debug|Any CPU
		{A0DBFAC0-0F64-4337-8EF6-45B2D9DDCCE2}.Debug|Any CPU.Build.0 = Debug|Any CPU
		{A0DBFAC0-0F64-4337-8EF6-45B2D9DDCCE2}.Release|Any CPU.ActiveCfg = Release|Any CPU
		{A0DBFAC0-0F64-4337-8EF6-45B2D9DDCCE2}.Release|Any CPU.Build.0 = Release|Any CPU
		{25AA25A8-02AC-4F3C-BA37-9813A4EA7651}.Debug|Any CPU.ActiveCfg = Debug|Any CPU
		{25AA25A8-02AC-4F3C-BA37-9813A4EA7651}.Debug|Any CPU.Build.0 = Debug|Any CPU
		{25AA25A8-02AC-4F3C-BA37-9813A4EA7651}.Release|Any CPU.ActiveCfg = Release|Any CPU
		{25AA25A8-02AC-4F3C-BA37-9813A4EA7651}.Release|Any CPU.Build.0 = Release|Any CPU
		{6442FCDD-C1CB-4CCE-9C27-53EA6EDFE86D}.Debug|Any CPU.ActiveCfg = Debug|Any CPU
		{6442FCDD-C1CB-4CCE-9C27-53EA6EDFE86D}.Debug|Any CPU.Build.0 = Debug|Any CPU
		{6442FCDD-C1CB-4CCE-9C27-53EA6EDFE86D}.Release|Any CPU.ActiveCfg = Release|Any CPU
		{6442FCDD-C1CB-4CCE-9C27-53EA6EDFE86D}.Release|Any CPU.Build.0 = Release|Any CPU
	EndGlobalSection
	GlobalSection(SolutionProperties) = preSolution
		HideSolutionNode = FALSE
	EndGlobalSection
	GlobalSection(NestedProjects) = preSolution
		{092F938B-2FB5-4FCA-9990-4B4928DF00C0} = {4EAE4C7E-633B-4DC5-B4DF-D9CB4D5F6A34}
		{B29FC854-C461-464A-A05B-F31DAEA5F619} = {4EAE4C7E-633B-4DC5-B4DF-D9CB4D5F6A34}
		{2D4D1EBB-4E5F-41E1-A22C-ABF7DE36077A} = {4EAE4C7E-633B-4DC5-B4DF-D9CB4D5F6A34}
		{2FA3F617-15FF-480E-A7F3-2DA6D4978BE8} = {4EAE4C7E-633B-4DC5-B4DF-D9CB4D5F6A34}
		{7ABAA126-11A1-4900-B214-435F9A002532} = {2955F4CF-6316-4983-9F29-07C055926C98}
		{57D1805A-F0C1-48F6-A78B-6DC9B3D28201} = {2955F4CF-6316-4983-9F29-07C055926C98}
		{0D18F0B7-2932-4FDA-8EB9-EEE8F01DA79F} = {2955F4CF-6316-4983-9F29-07C055926C98}
		{6C75EF3A-A98A-47BD-8B21-1E669B9AED62} = {36AB58CF-5551-478E-AD10-64BA0D575FB6}
		{2A176FC0-1220-40F7-B641-BEC8A3FC36C0} = {36AB58CF-5551-478E-AD10-64BA0D575FB6}
		{08DB743F-8BDB-4616-A755-4E361F2F3C2D} = {36AB58CF-5551-478E-AD10-64BA0D575FB6}
		{CC32EFE1-7118-40C1-AB78-D82C6C9B69FA} = {36AB58CF-5551-478E-AD10-64BA0D575FB6}
		{E124F73C-41B9-4B41-8D1B-C29E2F2A3195} = {36AB58CF-5551-478E-AD10-64BA0D575FB6}
		{F58FD23B-D05F-4120-889E-E30C7F6220AE} = {36AB58CF-5551-478E-AD10-64BA0D575FB6}
		{73E9DED0-9655-4E1F-82B0-1CB0BF8E7BE3} = {36AB58CF-5551-478E-AD10-64BA0D575FB6}
		{C10D2383-E2D8-4437-BD3D-EE026FD2AD2B} = {CC32EFE1-7118-40C1-AB78-D82C6C9B69FA}
		{47D87A34-9D96-43F2-A5BD-8EC8335DE1B0} = {F58FD23B-D05F-4120-889E-E30C7F6220AE}
		{1AE8750D-1DB1-4AE2-BB51-987B70A0C48D} = {6C75EF3A-A98A-47BD-8B21-1E669B9AED62}
		{A7874971-71DB-46EC-AE68-B3C2B9CB4B9D} = {2A176FC0-1220-40F7-B641-BEC8A3FC36C0}
		{4668EBD6-D8D2-453B-AB59-3A5FCC56E374} = {08DB743F-8BDB-4616-A755-4E361F2F3C2D}
		{CC21AA70-653E-43B6-AB0A-DEA580BAC27F} = {73E9DED0-9655-4E1F-82B0-1CB0BF8E7BE3}
		{F0F659B1-F930-40E9-A35C-13DEB4242695} = {E124F73C-41B9-4B41-8D1B-C29E2F2A3195}
		{0D371CCC-8D30-4BBC-8D4B-B65ADDC0E572} = {CEC92C99-8516-467A-ADEC-772BB84C439A}
		{BD0FB062-AE83-4506-B746-17F87343BCEE} = {B29FC854-C461-464A-A05B-F31DAEA5F619}
		{B3089A26-ABDA-4E78-8121-AE8A64513210} = {092F938B-2FB5-4FCA-9990-4B4928DF00C0}
		{22A95CE1-F008-4ADB-BEA4-90ADB2D3E5D4} = {2D4D1EBB-4E5F-41E1-A22C-ABF7DE36077A}
		{3D5CA262-B148-4BDD-80A3-6407511744E9} = {2FA3F617-15FF-480E-A7F3-2DA6D4978BE8}
		{FD99B471-685B-487B-BCC8-27DEE50DB4C7} = {7ABAA126-11A1-4900-B214-435F9A002532}
		{A22ADC06-7A66-4B80-8C4F-85DAE95A11CC} = {57D1805A-F0C1-48F6-A78B-6DC9B3D28201}
		{A0DBFAC0-0F64-4337-8EF6-45B2D9DDCCE2} = {0D18F0B7-2932-4FDA-8EB9-EEE8F01DA79F}
		{25AA25A8-02AC-4F3C-BA37-9813A4EA7651} = {7A182C16-9D2D-49C2-A100-FAF72185E315}
		{A2CA4CD1-D5FE-4E7E-808E-FD71C04F37BD} = {F17F568E-529F-4F08-8D21-D539D5E3F324}
		{A9476163-51C4-45B6-BAE7-40EC6EAE3F95} = {F17F568E-529F-4F08-8D21-D539D5E3F324}
		{AE916586-99D2-4134-BA82-680434EA65CD} = {2955F4CF-6316-4983-9F29-07C055926C98}
		{6442FCDD-C1CB-4CCE-9C27-53EA6EDFE86D} = {AE916586-99D2-4134-BA82-680434EA65CD}
	EndGlobalSection
	GlobalSection(ExtensibilityGlobals) = postSolution
		SolutionGuid = {9A76490B-338E-41AD-8A33-B63558D87199}
	EndGlobalSection
EndGlobal
